
Microsoft Visual Studio Solution File, Format Version 12.00
# Visual Studio Version 17
VisualStudioVersion = 17.8.34316.72
MinimumVisualStudioVersion = 10.0.40219.1
Project("{FAE04EC0-301F-11D3-BF4B-00C04F79EFBC}") = "BerntGästarNiklasLösningar1", "BerntGästarNiklasLösningar\BerntGästarNiklasLösningar1.csproj", "{7BFF4F1F-F4F7-489B-A1E5-9363824DA113}"
EndProject
Project("{FAE04EC0-301F-11D3-BF4B-00C04F79EFBC}") = "BridgePattern", "BridgePattern\BridgePattern.csproj", "{B5424394-48A9-4FAC-A88F-43D4373FF40E}"
EndProject
Project("{FAE04EC0-301F-11D3-BF4B-00C04F79EFBC}") = "Common", "Common\Common.csproj", "{CC63EB95-8A81-4195-8409-BBB1A2DC703E}"
EndProject
Global
	GlobalSection(SolutionConfigurationPlatforms) = preSolution
		Debug|Any CPU = Debug|Any CPU
		Release|Any CPU = Release|Any CPU
	EndGlobalSection
	GlobalSection(ProjectConfigurationPlatforms) = postSolution
		{7BFF4F1F-F4F7-489B-A1E5-9363824DA113}.Debug|Any CPU.ActiveCfg = Debug|Any CPU
		{7BFF4F1F-F4F7-489B-A1E5-9363824DA113}.Debug|Any CPU.Build.0 = Debug|Any CPU
		{7BFF4F1F-F4F7-489B-A1E5-9363824DA113}.Release|Any CPU.ActiveCfg = Release|Any CPU
		{7BFF4F1F-F4F7-489B-A1E5-9363824DA113}.Release|Any CPU.Build.0 = Release|Any CPU
		{B5424394-48A9-4FAC-A88F-43D4373FF40E}.Debug|Any CPU.ActiveCfg = Debug|Any CPU
		{B5424394-48A9-4FAC-A88F-43D4373FF40E}.Debug|Any CPU.Build.0 = Debug|Any CPU
		{B5424394-48A9-4FAC-A88F-43D4373FF40E}.Release|Any CPU.ActiveCfg = Release|Any CPU
		{B5424394-48A9-4FAC-A88F-43D4373FF40E}.Release|Any CPU.Build.0 = Release|Any CPU
		{CC63EB95-8A81-4195-8409-BBB1A2DC703E}.Debug|Any CPU.ActiveCfg = Debug|Any CPU
		{CC63EB95-8A81-4195-8409-BBB1A2DC703E}.Debug|Any CPU.Build.0 = Debug|Any CPU
		{CC63EB95-8A81-4195-8409-BBB1A2DC703E}.Release|Any CPU.ActiveCfg = Release|Any CPU
		{CC63EB95-8A81-4195-8409-BBB1A2DC703E}.Release|Any CPU.Build.0 = Release|Any CPU
	EndGlobalSection
	GlobalSection(SolutionProperties) = preSolution
		HideSolutionNode = FALSE
	EndGlobalSection
	GlobalSection(ExtensibilityGlobals) = postSolution
		SolutionGuid = {5687BC5A-4FE9-4F01-ADC1-1320CAB6C1A5}
	EndGlobalSection
EndGlobal
